// !$*UTF8*$!
{
	archiveVersion = 1;
	classes = {
	};
	objectVersion = 50;
	objects = {

/* Begin PBXBuildFile section */
		4021E02625849313002CE97F /* AppDelegate.swift in Sources */ = {isa = PBXBuildFile; fileRef = 4021E02525849313002CE97F /* AppDelegate.swift */; };
		4021E02825849313002CE97F /* SceneDelegate.swift in Sources */ = {isa = PBXBuildFile; fileRef = 4021E02725849313002CE97F /* SceneDelegate.swift */; };
		4021E02A25849313002CE97F /* VideoListView.swift in Sources */ = {isa = PBXBuildFile; fileRef = 4021E02925849313002CE97F /* VideoListView.swift */; };
		4021E02D25849313002CE97F /* Main.storyboard in Resources */ = {isa = PBXBuildFile; fileRef = 4021E02B25849313002CE97F /* Main.storyboard */; };
		4021E03025849313002CE97F /* VideoPlayerOfflineDownload.xcdatamodeld in Sources */ = {isa = PBXBuildFile; fileRef = 4021E02E25849313002CE97F /* VideoPlayerOfflineDownload.xcdatamodeld */; };
		4021E03225849314002CE97F /* Assets.xcassets in Resources */ = {isa = PBXBuildFile; fileRef = 4021E03125849314002CE97F /* Assets.xcassets */; };
		4021E03525849314002CE97F /* LaunchScreen.storyboard in Resources */ = {isa = PBXBuildFile; fileRef = 4021E03325849314002CE97F /* LaunchScreen.storyboard */; };
		4021E04025849315002CE97F /* VideoPlayerOfflineDownloadTests.swift in Sources */ = {isa = PBXBuildFile; fileRef = 4021E03F25849315002CE97F /* VideoPlayerOfflineDownloadTests.swift */; };
		4021E0532585C639002CE97F /* VideoListProtocols.swift in Sources */ = {isa = PBXBuildFile; fileRef = 4021E0522585C639002CE97F /* VideoListProtocols.swift */; };
		4021E0562585C992002CE97F /* VideoListResponseModel.swift in Sources */ = {isa = PBXBuildFile; fileRef = 4021E0552585C992002CE97F /* VideoListResponseModel.swift */; };
		4021E0582585C9D2002CE97F /* VideoListDataManager.swift in Sources */ = {isa = PBXBuildFile; fileRef = 4021E0572585C9D2002CE97F /* VideoListDataManager.swift */; };
		4021E05A2585CC48002CE97F /* VideoListPresenter.swift in Sources */ = {isa = PBXBuildFile; fileRef = 4021E0592585CC48002CE97F /* VideoListPresenter.swift */; };
		4021E05C2585CD83002CE97F /* VideoListInteractor.swift in Sources */ = {isa = PBXBuildFile; fileRef = 4021E05B2585CD83002CE97F /* VideoListInteractor.swift */; };
		4021E05E2585CEB3002CE97F /* VideoListWireFrame.swift in Sources */ = {isa = PBXBuildFile; fileRef = 4021E05D2585CEB3002CE97F /* VideoListWireFrame.swift */; };
		4021E0612585D3F7002CE97F /* VideoListCellBuilder.swift in Sources */ = {isa = PBXBuildFile; fileRef = 4021E0602585D3F7002CE97F /* VideoListCellBuilder.swift */; };
		4021E0632585D5C6002CE97F /* VideoListCardPresenter.swift in Sources */ = {isa = PBXBuildFile; fileRef = 4021E0622585D5C6002CE97F /* VideoListCardPresenter.swift */; };
		4021E0662585D7B2002CE97F /* UIView+Extensions.swift in Sources */ = {isa = PBXBuildFile; fileRef = 4021E0652585D7B2002CE97F /* UIView+Extensions.swift */; };
		4021E0682585D80E002CE97F /* WebserviceManager.swift in Sources */ = {isa = PBXBuildFile; fileRef = 4021E0672585D80E002CE97F /* WebserviceManager.swift */; };
		4021E06C258657E1002CE97F /* VideoListTVC.swift in Sources */ = {isa = PBXBuildFile; fileRef = 4021E06A258657E1002CE97F /* VideoListTVC.swift */; };
		4021E06D258657E1002CE97F /* VideoListTVC.xib in Resources */ = {isa = PBXBuildFile; fileRef = 4021E06B258657E1002CE97F /* VideoListTVC.xib */; };
		4021E06F25865893002CE97F /* VideoListCellModels.swift in Sources */ = {isa = PBXBuildFile; fileRef = 4021E06E25865893002CE97F /* VideoListCellModels.swift */; };
		4021E07125865FF9002CE97F /* EncoderDecoder.swift in Sources */ = {isa = PBXBuildFile; fileRef = 4021E07025865FF9002CE97F /* EncoderDecoder.swift */; };
		4021E078258670D6002CE97F /* VideoDetailVC.swift in Sources */ = {isa = PBXBuildFile; fileRef = 4021E077258670D6002CE97F /* VideoDetailVC.swift */; };
		4021E07A25867135002CE97F /* VideoDetailViewModel.swift in Sources */ = {isa = PBXBuildFile; fileRef = 4021E07925867135002CE97F /* VideoDetailViewModel.swift */; };
		4021E07D25867195002CE97F /* VideoPlayerItem.swift in Sources */ = {isa = PBXBuildFile; fileRef = 4021E07C25867195002CE97F /* VideoPlayerItem.swift */; };
		4021E08325868B13002CE97F /* Cedric.swift in Sources */ = {isa = PBXBuildFile; fileRef = 4021E08225868B13002CE97F /* Cedric.swift */; };
		4021E08525868B15002CE97F /* CedricConfiguration.swift in Sources */ = {isa = PBXBuildFile; fileRef = 4021E08425868B15002CE97F /* CedricConfiguration.swift */; };
		4021E08825868B18002CE97F /* CedricDelegate.swift in Sources */ = {isa = PBXBuildFile; fileRef = 4021E08725868B18002CE97F /* CedricDelegate.swift */; };
		4021E08A25868B1B002CE97F /* DownloadedFile.swift in Sources */ = {isa = PBXBuildFile; fileRef = 4021E08925868B1B002CE97F /* DownloadedFile.swift */; };
		4021E08C25868B1E002CE97F /* ConcurrentArray.swift in Sources */ = {isa = PBXBuildFile; fileRef = 4021E08B25868B1E002CE97F /* ConcurrentArray.swift */; };
		4021E08E25868B20002CE97F /* DownloadItem.swift in Sources */ = {isa = PBXBuildFile; fileRef = 4021E08D25868B20002CE97F /* DownloadItem.swift */; };
		4021E09025868B22002CE97F /* DownloadError.swift in Sources */ = {isa = PBXBuildFile; fileRef = 4021E08F25868B22002CE97F /* DownloadError.swift */; };
		4021E09225868B24002CE97F /* DownloadsFileManager.swift in Sources */ = {isa = PBXBuildFile; fileRef = 4021E09125868B24002CE97F /* DownloadsFileManager.swift */; };
		4021E09425868B26002CE97F /* DownloadResource.swift in Sources */ = {isa = PBXBuildFile; fileRef = 4021E09325868B26002CE97F /* DownloadResource.swift */; };
		4021E09625868B28002CE97F /* FileManagerExtensions.swift in Sources */ = {isa = PBXBuildFile; fileRef = 4021E09525868B28002CE97F /* FileManagerExtensions.swift */; };
		4021E09825868B2A002CE97F /* LimitedOperationGroup.swift in Sources */ = {isa = PBXBuildFile; fileRef = 4021E09725868B2A002CE97F /* LimitedOperationGroup.swift */; };
		4021E09A25868B2D002CE97F /* MulticastDelegate.swift in Sources */ = {isa = PBXBuildFile; fileRef = 4021E09925868B2D002CE97F /* MulticastDelegate.swift */; };
		4021E09D258697A7002CE97F /* CircularProgressbarView.swift in Sources */ = {isa = PBXBuildFile; fileRef = 4021E09C258697A7002CE97F /* CircularProgressbarView.swift */; };
/* End PBXBuildFile section */

/* Begin PBXContainerItemProxy section */
		4021E03C25849315002CE97F /* PBXContainerItemProxy */ = {
			isa = PBXContainerItemProxy;
			containerPortal = 4021E01A25849313002CE97F /* Project object */;
			proxyType = 1;
			remoteGlobalIDString = 4021E02125849313002CE97F;
			remoteInfo = VideoPlayerOfflineDownload;
		};
/* End PBXContainerItemProxy section */

/* Begin PBXFileReference section */
		4021E02225849313002CE97F /* VideoPlayerOfflineDownload.app */ = {isa = PBXFileReference; explicitFileType = wrapper.application; includeInIndex = 0; path = VideoPlayerOfflineDownload.app; sourceTree = BUILT_PRODUCTS_DIR; };
		4021E02525849313002CE97F /* AppDelegate.swift */ = {isa = PBXFileReference; lastKnownFileType = sourcecode.swift; path = AppDelegate.swift; sourceTree = "<group>"; };
		4021E02725849313002CE97F /* SceneDelegate.swift */ = {isa = PBXFileReference; lastKnownFileType = sourcecode.swift; path = SceneDelegate.swift; sourceTree = "<group>"; };
		4021E02925849313002CE97F /* VideoListView.swift */ = {isa = PBXFileReference; lastKnownFileType = sourcecode.swift; path = VideoListView.swift; sourceTree = "<group>"; };
		4021E02C25849313002CE97F /* Base */ = {isa = PBXFileReference; lastKnownFileType = file.storyboard; name = Base; path = Base.lproj/Main.storyboard; sourceTree = "<group>"; };
		4021E02F25849313002CE97F /* VideoPlayerOfflineDownload.xcdatamodel */ = {isa = PBXFileReference; lastKnownFileType = wrapper.xcdatamodel; path = VideoPlayerOfflineDownload.xcdatamodel; sourceTree = "<group>"; };
		4021E03125849314002CE97F /* Assets.xcassets */ = {isa = PBXFileReference; lastKnownFileType = folder.assetcatalog; path = Assets.xcassets; sourceTree = "<group>"; };
		4021E03425849314002CE97F /* Base */ = {isa = PBXFileReference; lastKnownFileType = file.storyboard; name = Base; path = Base.lproj/LaunchScreen.storyboard; sourceTree = "<group>"; };
		4021E03625849314002CE97F /* Info.plist */ = {isa = PBXFileReference; lastKnownFileType = text.plist.xml; path = Info.plist; sourceTree = "<group>"; };
		4021E03B25849315002CE97F /* VideoPlayerOfflineDownloadTests.xctest */ = {isa = PBXFileReference; explicitFileType = wrapper.cfbundle; includeInIndex = 0; path = VideoPlayerOfflineDownloadTests.xctest; sourceTree = BUILT_PRODUCTS_DIR; };
		4021E03F25849315002CE97F /* VideoPlayerOfflineDownloadTests.swift */ = {isa = PBXFileReference; lastKnownFileType = sourcecode.swift; path = VideoPlayerOfflineDownloadTests.swift; sourceTree = "<group>"; };
		4021E04125849315002CE97F /* Info.plist */ = {isa = PBXFileReference; lastKnownFileType = text.plist.xml; path = Info.plist; sourceTree = "<group>"; };
		4021E0522585C639002CE97F /* VideoListProtocols.swift */ = {isa = PBXFileReference; lastKnownFileType = sourcecode.swift; path = VideoListProtocols.swift; sourceTree = "<group>"; };
		4021E0552585C992002CE97F /* VideoListResponseModel.swift */ = {isa = PBXFileReference; lastKnownFileType = sourcecode.swift; path = VideoListResponseModel.swift; sourceTree = "<group>"; };
		4021E0572585C9D2002CE97F /* VideoListDataManager.swift */ = {isa = PBXFileReference; lastKnownFileType = sourcecode.swift; path = VideoListDataManager.swift; sourceTree = "<group>"; };
		4021E0592585CC48002CE97F /* VideoListPresenter.swift */ = {isa = PBXFileReference; lastKnownFileType = sourcecode.swift; path = VideoListPresenter.swift; sourceTree = "<group>"; };
		4021E05B2585CD83002CE97F /* VideoListInteractor.swift */ = {isa = PBXFileReference; lastKnownFileType = sourcecode.swift; path = VideoListInteractor.swift; sourceTree = "<group>"; };
		4021E05D2585CEB3002CE97F /* VideoListWireFrame.swift */ = {isa = PBXFileReference; lastKnownFileType = sourcecode.swift; path = VideoListWireFrame.swift; sourceTree = "<group>"; };
		4021E0602585D3F7002CE97F /* VideoListCellBuilder.swift */ = {isa = PBXFileReference; lastKnownFileType = sourcecode.swift; path = VideoListCellBuilder.swift; sourceTree = "<group>"; };
		4021E0622585D5C6002CE97F /* VideoListCardPresenter.swift */ = {isa = PBXFileReference; lastKnownFileType = sourcecode.swift; path = VideoListCardPresenter.swift; sourceTree = "<group>"; };
		4021E0652585D7B2002CE97F /* UIView+Extensions.swift */ = {isa = PBXFileReference; lastKnownFileType = sourcecode.swift; path = "UIView+Extensions.swift"; sourceTree = "<group>"; };
		4021E0672585D80E002CE97F /* WebserviceManager.swift */ = {isa = PBXFileReference; lastKnownFileType = sourcecode.swift; path = WebserviceManager.swift; sourceTree = "<group>"; };
		4021E06A258657E1002CE97F /* VideoListTVC.swift */ = {isa = PBXFileReference; lastKnownFileType = sourcecode.swift; path = VideoListTVC.swift; sourceTree = "<group>"; };
		4021E06B258657E1002CE97F /* VideoListTVC.xib */ = {isa = PBXFileReference; lastKnownFileType = file.xib; path = VideoListTVC.xib; sourceTree = "<group>"; };
		4021E06E25865893002CE97F /* VideoListCellModels.swift */ = {isa = PBXFileReference; lastKnownFileType = sourcecode.swift; path = VideoListCellModels.swift; sourceTree = "<group>"; };
		4021E07025865FF9002CE97F /* EncoderDecoder.swift */ = {isa = PBXFileReference; lastKnownFileType = sourcecode.swift; path = EncoderDecoder.swift; sourceTree = "<group>"; };
		4021E077258670D6002CE97F /* VideoDetailVC.swift */ = {isa = PBXFileReference; lastKnownFileType = sourcecode.swift; path = VideoDetailVC.swift; sourceTree = "<group>"; };
		4021E07925867135002CE97F /* VideoDetailViewModel.swift */ = {isa = PBXFileReference; lastKnownFileType = sourcecode.swift; path = VideoDetailViewModel.swift; sourceTree = "<group>"; };
		4021E07C25867195002CE97F /* VideoPlayerItem.swift */ = {isa = PBXFileReference; lastKnownFileType = sourcecode.swift; path = VideoPlayerItem.swift; sourceTree = "<group>"; };
		4021E08125868B10002CE97F /* Cedric.h */ = {isa = PBXFileReference; lastKnownFileType = sourcecode.c.h; path = Cedric.h; sourceTree = "<group>"; };
		4021E08225868B13002CE97F /* Cedric.swift */ = {isa = PBXFileReference; lastKnownFileType = sourcecode.swift; path = Cedric.swift; sourceTree = "<group>"; };
		4021E08425868B15002CE97F /* CedricConfiguration.swift */ = {isa = PBXFileReference; lastKnownFileType = sourcecode.swift; path = CedricConfiguration.swift; sourceTree = "<group>"; };
		4021E08625868B16002CE97F /* Cedric.xcconfig */ = {isa = PBXFileReference; lastKnownFileType = text.xcconfig; path = Cedric.xcconfig; sourceTree = "<group>"; };
		4021E08725868B18002CE97F /* CedricDelegate.swift */ = {isa = PBXFileReference; lastKnownFileType = sourcecode.swift; path = CedricDelegate.swift; sourceTree = "<group>"; };
		4021E08925868B1B002CE97F /* DownloadedFile.swift */ = {isa = PBXFileReference; lastKnownFileType = sourcecode.swift; path = DownloadedFile.swift; sourceTree = "<group>"; };
		4021E08B25868B1E002CE97F /* ConcurrentArray.swift */ = {isa = PBXFileReference; lastKnownFileType = sourcecode.swift; path = ConcurrentArray.swift; sourceTree = "<group>"; };
		4021E08D25868B20002CE97F /* DownloadItem.swift */ = {isa = PBXFileReference; lastKnownFileType = sourcecode.swift; path = DownloadItem.swift; sourceTree = "<group>"; };
		4021E08F25868B22002CE97F /* DownloadError.swift */ = {isa = PBXFileReference; lastKnownFileType = sourcecode.swift; path = DownloadError.swift; sourceTree = "<group>"; };
		4021E09125868B24002CE97F /* DownloadsFileManager.swift */ = {isa = PBXFileReference; lastKnownFileType = sourcecode.swift; path = DownloadsFileManager.swift; sourceTree = "<group>"; };
		4021E09325868B26002CE97F /* DownloadResource.swift */ = {isa = PBXFileReference; lastKnownFileType = sourcecode.swift; path = DownloadResource.swift; sourceTree = "<group>"; };
		4021E09525868B28002CE97F /* FileManagerExtensions.swift */ = {isa = PBXFileReference; lastKnownFileType = sourcecode.swift; path = FileManagerExtensions.swift; sourceTree = "<group>"; };
		4021E09725868B2A002CE97F /* LimitedOperationGroup.swift */ = {isa = PBXFileReference; lastKnownFileType = sourcecode.swift; path = LimitedOperationGroup.swift; sourceTree = "<group>"; };
		4021E09925868B2D002CE97F /* MulticastDelegate.swift */ = {isa = PBXFileReference; lastKnownFileType = sourcecode.swift; path = MulticastDelegate.swift; sourceTree = "<group>"; };
		4021E09B25868B30002CE97F /* Info.plist */ = {isa = PBXFileReference; lastKnownFileType = text.plist.xml; path = Info.plist; sourceTree = "<group>"; };
		4021E09C258697A7002CE97F /* CircularProgressbarView.swift */ = {isa = PBXFileReference; lastKnownFileType = sourcecode.swift; path = CircularProgressbarView.swift; sourceTree = "<group>"; };
/* End PBXFileReference section */

/* Begin PBXFrameworksBuildPhase section */
		4021E01F25849313002CE97F /* Frameworks */ = {
			isa = PBXFrameworksBuildPhase;
			buildActionMask = 2147483647;
			files = (
			);
			runOnlyForDeploymentPostprocessing = 0;
		};
		4021E03825849315002CE97F /* Frameworks */ = {
			isa = PBXFrameworksBuildPhase;
			buildActionMask = 2147483647;
			files = (
			);
			runOnlyForDeploymentPostprocessing = 0;
		};
/* End PBXFrameworksBuildPhase section */

/* Begin PBXGroup section */
		4021E01925849313002CE97F = {
			isa = PBXGroup;
			children = (
				4021E02425849313002CE97F /* VideoPlayerOfflineDownload */,
				4021E03E25849315002CE97F /* VideoPlayerOfflineDownloadTests */,
				4021E02325849313002CE97F /* Products */,
			);
			sourceTree = "<group>";
		};
		4021E02325849313002CE97F /* Products */ = {
			isa = PBXGroup;
			children = (
				4021E02225849313002CE97F /* VideoPlayerOfflineDownload.app */,
				4021E03B25849315002CE97F /* VideoPlayerOfflineDownloadTests.xctest */,
			);
			name = Products;
			sourceTree = "<group>";
		};
		4021E02425849313002CE97F /* VideoPlayerOfflineDownload */ = {
			isa = PBXGroup;
			children = (
				4021E04A2585C511002CE97F /* Video List */,
				4021E074258670A5002CE97F /* Video Detail */,
				4021E0642585D795002CE97F /* Utilities */,
				4021E0692585D813002CE97F /* WebServiceManager */,
				4021E07E25868AE3002CE97F /* Download Manager */,
				4021E02525849313002CE97F /* AppDelegate.swift */,
				4021E02725849313002CE97F /* SceneDelegate.swift */,
				4021E02B25849313002CE97F /* Main.storyboard */,
				4021E03125849314002CE97F /* Assets.xcassets */,
				4021E03325849314002CE97F /* LaunchScreen.storyboard */,
				4021E03625849314002CE97F /* Info.plist */,
				4021E02E25849313002CE97F /* VideoPlayerOfflineDownload.xcdatamodeld */,
			);
			path = VideoPlayerOfflineDownload;
			sourceTree = "<group>";
		};
		4021E03E25849315002CE97F /* VideoPlayerOfflineDownloadTests */ = {
			isa = PBXGroup;
			children = (
				4021E03F25849315002CE97F /* VideoPlayerOfflineDownloadTests.swift */,
				4021E04125849315002CE97F /* Info.plist */,
			);
			path = VideoPlayerOfflineDownloadTests;
			sourceTree = "<group>";
		};
		4021E04A2585C511002CE97F /* Video List */ = {
			isa = PBXGroup;
			children = (
				4021E05F2585D3DE002CE97F /* Cell Builder */,
				4021E0542585C987002CE97F /* Entity */,
				4021E0502585C552002CE97F /* Protocols */,
				4021E0512585C582002CE97F /* Presenter */,
				4021E04B2585C51E002CE97F /* View */,
				4021E04F2585C53E002CE97F /* Data manager */,
				4021E04E2585C535002CE97F /* WireFrame */,
				4021E04D2585C52E002CE97F /* Interactor */,
			);
			path = "Video List";
			sourceTree = "<group>";
		};
		4021E04B2585C51E002CE97F /* View */ = {
			isa = PBXGroup;
			children = (
				4021E02925849313002CE97F /* VideoListView.swift */,
				4021E06A258657E1002CE97F /* VideoListTVC.swift */,
				4021E06B258657E1002CE97F /* VideoListTVC.xib */,
				4021E09C258697A7002CE97F /* CircularProgressbarView.swift */,
			);
			path = View;
			sourceTree = "<group>";
		};
		4021E04D2585C52E002CE97F /* Interactor */ = {
			isa = PBXGroup;
			children = (
				4021E05B2585CD83002CE97F /* VideoListInteractor.swift */,
			);
			path = Interactor;
			sourceTree = "<group>";
		};
		4021E04E2585C535002CE97F /* WireFrame */ = {
			isa = PBXGroup;
			children = (
				4021E05D2585CEB3002CE97F /* VideoListWireFrame.swift */,
			);
			path = WireFrame;
			sourceTree = "<group>";
		};
		4021E04F2585C53E002CE97F /* Data manager */ = {
			isa = PBXGroup;
			children = (
				4021E0572585C9D2002CE97F /* VideoListDataManager.swift */,
			);
			path = "Data manager";
			sourceTree = "<group>";
		};
		4021E0502585C552002CE97F /* Protocols */ = {
			isa = PBXGroup;
			children = (
				4021E0522585C639002CE97F /* VideoListProtocols.swift */,
			);
			path = Protocols;
			sourceTree = "<group>";
		};
		4021E0512585C582002CE97F /* Presenter */ = {
			isa = PBXGroup;
			children = (
				4021E0592585CC48002CE97F /* VideoListPresenter.swift */,
				4021E0622585D5C6002CE97F /* VideoListCardPresenter.swift */,
			);
			path = Presenter;
			sourceTree = "<group>";
		};
		4021E0542585C987002CE97F /* Entity */ = {
			isa = PBXGroup;
			children = (
				4021E0552585C992002CE97F /* VideoListResponseModel.swift */,
				4021E06E25865893002CE97F /* VideoListCellModels.swift */,
			);
			path = Entity;
			sourceTree = "<group>";
		};
		4021E05F2585D3DE002CE97F /* Cell Builder */ = {
			isa = PBXGroup;
			children = (
				4021E0602585D3F7002CE97F /* VideoListCellBuilder.swift */,
			);
			path = "Cell Builder";
			sourceTree = "<group>";
		};
		4021E0642585D795002CE97F /* Utilities */ = {
			isa = PBXGroup;
			children = (
				4021E0652585D7B2002CE97F /* UIView+Extensions.swift */,
			);
			path = Utilities;
			sourceTree = "<group>";
		};
		4021E0692585D813002CE97F /* WebServiceManager */ = {
			isa = PBXGroup;
			children = (
				4021E0672585D80E002CE97F /* WebserviceManager.swift */,
				4021E07025865FF9002CE97F /* EncoderDecoder.swift */,
			);
			path = WebServiceManager;
			sourceTree = "<group>";
		};
		4021E074258670A5002CE97F /* Video Detail */ = {
			isa = PBXGroup;
			children = (
				4021E07B25867184002CE97F /* PlayerItem */,
				4021E076258670B3002CE97F /* View Model */,
				4021E075258670AE002CE97F /* Controller */,
			);
			path = "Video Detail";
			sourceTree = "<group>";
		};
		4021E075258670AE002CE97F /* Controller */ = {
			isa = PBXGroup;
			children = (
				4021E077258670D6002CE97F /* VideoDetailVC.swift */,
			);
			path = Controller;
			sourceTree = "<group>";
		};
		4021E076258670B3002CE97F /* View Model */ = {
			isa = PBXGroup;
			children = (
				4021E07925867135002CE97F /* VideoDetailViewModel.swift */,
			);
			path = "View Model";
			sourceTree = "<group>";
		};
		4021E07B25867184002CE97F /* PlayerItem */ = {
			isa = PBXGroup;
			children = (
				4021E07C25867195002CE97F /* VideoPlayerItem.swift */,
			);
			path = PlayerItem;
			sourceTree = "<group>";
		};
		4021E07E25868AE3002CE97F /* Download Manager */ = {
			isa = PBXGroup;
			children = (
				4021E08125868B10002CE97F /* Cedric.h */,
				4021E08225868B13002CE97F /* Cedric.swift */,
				4021E08425868B15002CE97F /* CedricConfiguration.swift */,
				4021E08625868B16002CE97F /* Cedric.xcconfig */,
				4021E08725868B18002CE97F /* CedricDelegate.swift */,
				4021E08925868B1B002CE97F /* DownloadedFile.swift */,
				4021E08B25868B1E002CE97F /* ConcurrentArray.swift */,
				4021E08D25868B20002CE97F /* DownloadItem.swift */,
				4021E08F25868B22002CE97F /* DownloadError.swift */,
				4021E09125868B24002CE97F /* DownloadsFileManager.swift */,
				4021E09325868B26002CE97F /* DownloadResource.swift */,
				4021E09525868B28002CE97F /* FileManagerExtensions.swift */,
				4021E09725868B2A002CE97F /* LimitedOperationGroup.swift */,
				4021E09925868B2D002CE97F /* MulticastDelegate.swift */,
				4021E09B25868B30002CE97F /* Info.plist */,
			);
			path = "Download Manager";
			sourceTree = "<group>";
		};
/* End PBXGroup section */

/* Begin PBXNativeTarget section */
		4021E02125849313002CE97F /* VideoPlayerOfflineDownload */ = {
			isa = PBXNativeTarget;
			buildConfigurationList = 4021E04425849315002CE97F /* Build configuration list for PBXNativeTarget "VideoPlayerOfflineDownload" */;
			buildPhases = (
				4021E01E25849313002CE97F /* Sources */,
				4021E01F25849313002CE97F /* Frameworks */,
				4021E02025849313002CE97F /* Resources */,
			);
			buildRules = (
			);
			dependencies = (
			);
			name = VideoPlayerOfflineDownload;
			productName = VideoPlayerOfflineDownload;
			productReference = 4021E02225849313002CE97F /* VideoPlayerOfflineDownload.app */;
			productType = "com.apple.product-type.application";
		};
		4021E03A25849315002CE97F /* VideoPlayerOfflineDownloadTests */ = {
			isa = PBXNativeTarget;
			buildConfigurationList = 4021E04725849315002CE97F /* Build configuration list for PBXNativeTarget "VideoPlayerOfflineDownloadTests" */;
			buildPhases = (
				4021E03725849315002CE97F /* Sources */,
				4021E03825849315002CE97F /* Frameworks */,
				4021E03925849315002CE97F /* Resources */,
			);
			buildRules = (
			);
			dependencies = (
				4021E03D25849315002CE97F /* PBXTargetDependency */,
			);
			name = VideoPlayerOfflineDownloadTests;
			productName = VideoPlayerOfflineDownloadTests;
			productReference = 4021E03B25849315002CE97F /* VideoPlayerOfflineDownloadTests.xctest */;
			productType = "com.apple.product-type.bundle.unit-test";
		};
/* End PBXNativeTarget section */

/* Begin PBXProject section */
		4021E01A25849313002CE97F /* Project object */ = {
			isa = PBXProject;
			attributes = {
				LastSwiftUpdateCheck = 1150;
				LastUpgradeCheck = 1150;
				ORGANIZATIONNAME = "Niraj Kumar Jha";
				TargetAttributes = {
					4021E02125849313002CE97F = {
						CreatedOnToolsVersion = 11.5;
					};
					4021E03A25849315002CE97F = {
						CreatedOnToolsVersion = 11.5;
						TestTargetID = 4021E02125849313002CE97F;
					};
				};
			};
			buildConfigurationList = 4021E01D25849313002CE97F /* Build configuration list for PBXProject "VideoPlayerOfflineDownload" */;
			compatibilityVersion = "Xcode 9.3";
			developmentRegion = en;
			hasScannedForEncodings = 0;
			knownRegions = (
				en,
				Base,
			);
			mainGroup = 4021E01925849313002CE97F;
			productRefGroup = 4021E02325849313002CE97F /* Products */;
			projectDirPath = "";
			projectRoot = "";
			targets = (
				4021E02125849313002CE97F /* VideoPlayerOfflineDownload */,
				4021E03A25849315002CE97F /* VideoPlayerOfflineDownloadTests */,
			);
		};
/* End PBXProject section */

/* Begin PBXResourcesBuildPhase section */
		4021E02025849313002CE97F /* Resources */ = {
			isa = PBXResourcesBuildPhase;
			buildActionMask = 2147483647;
			files = (
				4021E03525849314002CE97F /* LaunchScreen.storyboard in Resources */,
				4021E06D258657E1002CE97F /* VideoListTVC.xib in Resources */,
				4021E03225849314002CE97F /* Assets.xcassets in Resources */,
				4021E02D25849313002CE97F /* Main.storyboard in Resources */,
			);
			runOnlyForDeploymentPostprocessing = 0;
		};
		4021E03925849315002CE97F /* Resources */ = {
			isa = PBXResourcesBuildPhase;
			buildActionMask = 2147483647;
			files = (
			);
			runOnlyForDeploymentPostprocessing = 0;
		};
/* End PBXResourcesBuildPhase section */

/* Begin PBXSourcesBuildPhase section */
		4021E01E25849313002CE97F /* Sources */ = {
			isa = PBXSourcesBuildPhase;
			buildActionMask = 2147483647;
			files = (
				4021E08E25868B20002CE97F /* DownloadItem.swift in Sources */,
				4021E0682585D80E002CE97F /* WebserviceManager.swift in Sources */,
				4021E09825868B2A002CE97F /* LimitedOperationGroup.swift in Sources */,
				4021E09A25868B2D002CE97F /* MulticastDelegate.swift in Sources */,
				4021E02A25849313002CE97F /* VideoListView.swift in Sources */,
				4021E0562585C992002CE97F /* VideoListResponseModel.swift in Sources */,
				4021E02625849313002CE97F /* AppDelegate.swift in Sources */,
				4021E03025849313002CE97F /* VideoPlayerOfflineDownload.xcdatamodeld in Sources */,
				4021E0632585D5C6002CE97F /* VideoListCardPresenter.swift in Sources */,
				4021E0662585D7B2002CE97F /* UIView+Extensions.swift in Sources */,
				4021E078258670D6002CE97F /* VideoDetailVC.swift in Sources */,
				4021E08A25868B1B002CE97F /* DownloadedFile.swift in Sources */,
				4021E08C25868B1E002CE97F /* ConcurrentArray.swift in Sources */,
				4021E09425868B26002CE97F /* DownloadResource.swift in Sources */,
				4021E05E2585CEB3002CE97F /* VideoListWireFrame.swift in Sources */,
				4021E0532585C639002CE97F /* VideoListProtocols.swift in Sources */,
				4021E0612585D3F7002CE97F /* VideoListCellBuilder.swift in Sources */,
				4021E09025868B22002CE97F /* DownloadError.swift in Sources */,
				4021E06C258657E1002CE97F /* VideoListTVC.swift in Sources */,
				4021E08525868B15002CE97F /* CedricConfiguration.swift in Sources */,
				4021E06F25865893002CE97F /* VideoListCellModels.swift in Sources */,
				4021E05C2585CD83002CE97F /* VideoListInteractor.swift in Sources */,
				4021E07A25867135002CE97F /* VideoDetailViewModel.swift in Sources */,
				4021E07D25867195002CE97F /* VideoPlayerItem.swift in Sources */,
				4021E02825849313002CE97F /* SceneDelegate.swift in Sources */,
				4021E09625868B28002CE97F /* FileManagerExtensions.swift in Sources */,
				4021E05A2585CC48002CE97F /* VideoListPresenter.swift in Sources */,
				4021E09225868B24002CE97F /* DownloadsFileManager.swift in Sources */,
				4021E07125865FF9002CE97F /* EncoderDecoder.swift in Sources */,
				4021E08825868B18002CE97F /* CedricDelegate.swift in Sources */,
				4021E0582585C9D2002CE97F /* VideoListDataManager.swift in Sources */,
				4021E09D258697A7002CE97F /* CircularProgressbarView.swift in Sources */,
				4021E08325868B13002CE97F /* Cedric.swift in Sources */,
			);
			runOnlyForDeploymentPostprocessing = 0;
		};
		4021E03725849315002CE97F /* Sources */ = {
			isa = PBXSourcesBuildPhase;
			buildActionMask = 2147483647;
			files = (
				4021E04025849315002CE97F /* VideoPlayerOfflineDownloadTests.swift in Sources */,
			);
			runOnlyForDeploymentPostprocessing = 0;
		};
/* End PBXSourcesBuildPhase section */

/* Begin PBXTargetDependency section */
		4021E03D25849315002CE97F /* PBXTargetDependency */ = {
			isa = PBXTargetDependency;
			target = 4021E02125849313002CE97F /* VideoPlayerOfflineDownload */;
			targetProxy = 4021E03C25849315002CE97F /* PBXContainerItemProxy */;
		};
/* End PBXTargetDependency section */

/* Begin PBXVariantGroup section */
		4021E02B25849313002CE97F /* Main.storyboard */ = {
			isa = PBXVariantGroup;
			children = (
				4021E02C25849313002CE97F /* Base */,
			);
			name = Main.storyboard;
			sourceTree = "<group>";
		};
		4021E03325849314002CE97F /* LaunchScreen.storyboard */ = {
			isa = PBXVariantGroup;
			children = (
				4021E03425849314002CE97F /* Base */,
			);
			name = LaunchScreen.storyboard;
			sourceTree = "<group>";
		};
/* End PBXVariantGroup section */

/* Begin XCBuildConfiguration section */
		4021E04225849315002CE97F /* Debug */ = {
			isa = XCBuildConfiguration;
			buildSettings = {
				ALWAYS_SEARCH_USER_PATHS = NO;
				CLANG_ANALYZER_NONNULL = YES;
				CLANG_ANALYZER_NUMBER_OBJECT_CONVERSION = YES_AGGRESSIVE;
				CLANG_CXX_LANGUAGE_STANDARD = "gnu++14";
				CLANG_CXX_LIBRARY = "libc++";
				CLANG_ENABLE_MODULES = YES;
				CLANG_ENABLE_OBJC_ARC = YES;
				CLANG_ENABLE_OBJC_WEAK = YES;
				CLANG_WARN_BLOCK_CAPTURE_AUTORELEASING = YES;
				CLANG_WARN_BOOL_CONVERSION = YES;
				CLANG_WARN_COMMA = YES;
				CLANG_WARN_CONSTANT_CONVERSION = YES;
				CLANG_WARN_DEPRECATED_OBJC_IMPLEMENTATIONS = YES;
				CLANG_WARN_DIRECT_OBJC_ISA_USAGE = YES_ERROR;
				CLANG_WARN_DOCUMENTATION_COMMENTS = YES;
				CLANG_WARN_EMPTY_BODY = YES;
				CLANG_WARN_ENUM_CONVERSION = YES;
				CLANG_WARN_INFINITE_RECURSION = YES;
				CLANG_WARN_INT_CONVERSION = YES;
				CLANG_WARN_NON_LITERAL_NULL_CONVERSION = YES;
				CLANG_WARN_OBJC_IMPLICIT_RETAIN_SELF = YES;
				CLANG_WARN_OBJC_LITERAL_CONVERSION = YES;
				CLANG_WARN_OBJC_ROOT_CLASS = YES_ERROR;
				CLANG_WARN_RANGE_LOOP_ANALYSIS = YES;
				CLANG_WARN_STRICT_PROTOTYPES = YES;
				CLANG_WARN_SUSPICIOUS_MOVE = YES;
				CLANG_WARN_UNGUARDED_AVAILABILITY = YES_AGGRESSIVE;
				CLANG_WARN_UNREACHABLE_CODE = YES;
				CLANG_WARN__DUPLICATE_METHOD_MATCH = YES;
				COPY_PHASE_STRIP = NO;
				DEBUG_INFORMATION_FORMAT = dwarf;
				ENABLE_STRICT_OBJC_MSGSEND = YES;
				ENABLE_TESTABILITY = YES;
				GCC_C_LANGUAGE_STANDARD = gnu11;
				GCC_DYNAMIC_NO_PIC = NO;
				GCC_NO_COMMON_BLOCKS = YES;
				GCC_OPTIMIZATION_LEVEL = 0;
				GCC_PREPROCESSOR_DEFINITIONS = (
					"DEBUG=1",
					"$(inherited)",
				);
				GCC_WARN_64_TO_32_BIT_CONVERSION = YES;
				GCC_WARN_ABOUT_RETURN_TYPE = YES_ERROR;
				GCC_WARN_UNDECLARED_SELECTOR = YES;
				GCC_WARN_UNINITIALIZED_AUTOS = YES_AGGRESSIVE;
				GCC_WARN_UNUSED_FUNCTION = YES;
				GCC_WARN_UNUSED_VARIABLE = YES;
				IPHONEOS_DEPLOYMENT_TARGET = 13.5;
				MTL_ENABLE_DEBUG_INFO = INCLUDE_SOURCE;
				MTL_FAST_MATH = YES;
				ONLY_ACTIVE_ARCH = YES;
				SDKROOT = iphoneos;
				SWIFT_ACTIVE_COMPILATION_CONDITIONS = DEBUG;
				SWIFT_OPTIMIZATION_LEVEL = "-Onone";
			};
			name = Debug;
		};
		4021E04325849315002CE97F /* Release */ = {
			isa = XCBuildConfiguration;
			buildSettings = {
				ALWAYS_SEARCH_USER_PATHS = NO;
				CLANG_ANALYZER_NONNULL = YES;
				CLANG_ANALYZER_NUMBER_OBJECT_CONVERSION = YES_AGGRESSIVE;
				CLANG_CXX_LANGUAGE_STANDARD = "gnu++14";
				CLANG_CXX_LIBRARY = "libc++";
				CLANG_ENABLE_MODULES = YES;
				CLANG_ENABLE_OBJC_ARC = YES;
				CLANG_ENABLE_OBJC_WEAK = YES;
				CLANG_WARN_BLOCK_CAPTURE_AUTORELEASING = YES;
				CLANG_WARN_BOOL_CONVERSION = YES;
				CLANG_WARN_COMMA = YES;
				CLANG_WARN_CONSTANT_CONVERSION = YES;
				CLANG_WARN_DEPRECATED_OBJC_IMPLEMENTATIONS = YES;
				CLANG_WARN_DIRECT_OBJC_ISA_USAGE = YES_ERROR;
				CLANG_WARN_DOCUMENTATION_COMMENTS = YES;
				CLANG_WARN_EMPTY_BODY = YES;
				CLANG_WARN_ENUM_CONVERSION = YES;
				CLANG_WARN_INFINITE_RECURSION = YES;
				CLANG_WARN_INT_CONVERSION = YES;
				CLANG_WARN_NON_LITERAL_NULL_CONVERSION = YES;
				CLANG_WARN_OBJC_IMPLICIT_RETAIN_SELF = YES;
				CLANG_WARN_OBJC_LITERAL_CONVERSION = YES;
				CLANG_WARN_OBJC_ROOT_CLASS = YES_ERROR;
				CLANG_WARN_RANGE_LOOP_ANALYSIS = YES;
				CLANG_WARN_STRICT_PROTOTYPES = YES;
				CLANG_WARN_SUSPICIOUS_MOVE = YES;
				CLANG_WARN_UNGUARDED_AVAILABILITY = YES_AGGRESSIVE;
				CLANG_WARN_UNREACHABLE_CODE = YES;
				CLANG_WARN__DUPLICATE_METHOD_MATCH = YES;
				COPY_PHASE_STRIP = NO;
				DEBUG_INFORMATION_FORMAT = "dwarf-with-dsym";
				ENABLE_NS_ASSERTIONS = NO;
				ENABLE_STRICT_OBJC_MSGSEND = YES;
				GCC_C_LANGUAGE_STANDARD = gnu11;
				GCC_NO_COMMON_BLOCKS = YES;
				GCC_WARN_64_TO_32_BIT_CONVERSION = YES;
				GCC_WARN_ABOUT_RETURN_TYPE = YES_ERROR;
				GCC_WARN_UNDECLARED_SELECTOR = YES;
				GCC_WARN_UNINITIALIZED_AUTOS = YES_AGGRESSIVE;
				GCC_WARN_UNUSED_FUNCTION = YES;
				GCC_WARN_UNUSED_VARIABLE = YES;
				IPHONEOS_DEPLOYMENT_TARGET = 13.5;
				MTL_ENABLE_DEBUG_INFO = NO;
				MTL_FAST_MATH = YES;
				SDKROOT = iphoneos;
				SWIFT_COMPILATION_MODE = wholemodule;
				SWIFT_OPTIMIZATION_LEVEL = "-O";
				VALIDATE_PRODUCT = YES;
			};
			name = Release;
		};
		4021E04525849315002CE97F /* Debug */ = {
			isa = XCBuildConfiguration;
			buildSettings = {
				ASSETCATALOG_COMPILER_APPICON_NAME = AppIcon;
				CODE_SIGN_STYLE = Automatic;
				DEVELOPMENT_TEAM = B4G4Y5F4Y2;
				INFOPLIST_FILE = VideoPlayerOfflineDownload/Info.plist;
				LD_RUNPATH_SEARCH_PATHS = (
					"$(inherited)",
					"@executable_path/Frameworks",
				);
				PRODUCT_BUNDLE_IDENTIFIER = com.scan.app.VideoPlayerOfflineDownload;
				PRODUCT_NAME = "$(TARGET_NAME)";
				SWIFT_VERSION = 5.0;
				TARGETED_DEVICE_FAMILY = "1,2";
			};
			name = Debug;
		};
		4021E04625849315002CE97F /* Release */ = {
			isa = XCBuildConfiguration;
			buildSettings = {
				ASSETCATALOG_COMPILER_APPICON_NAME = AppIcon;
				CODE_SIGN_STYLE = Automatic;
				DEVELOPMENT_TEAM = B4G4Y5F4Y2;
				INFOPLIST_FILE = VideoPlayerOfflineDownload/Info.plist;
				LD_RUNPATH_SEARCH_PATHS = (
					"$(inherited)",
					"@executable_path/Frameworks",
				);
				PRODUCT_BUNDLE_IDENTIFIER = com.scan.app.VideoPlayerOfflineDownload;
				PRODUCT_NAME = "$(TARGET_NAME)";
				SWIFT_VERSION = 5.0;
				TARGETED_DEVICE_FAMILY = "1,2";
			};
			name = Release;
		};
		4021E04825849315002CE97F /* Debug */ = {
			isa = XCBuildConfiguration;
			buildSettings = {
				ALWAYS_EMBED_SWIFT_STANDARD_LIBRARIES = YES;
				BUNDLE_LOADER = "$(TEST_HOST)";
				CODE_SIGN_STYLE = Automatic;
				DEVELOPMENT_TEAM = B4G4Y5F4Y2;
				INFOPLIST_FILE = VideoPlayerOfflineDownloadTests/Info.plist;
				IPHONEOS_DEPLOYMENT_TARGET = 13.5;
				LD_RUNPATH_SEARCH_PATHS = (
					"$(inherited)",
					"@executable_path/Frameworks",
					"@loader_path/Frameworks",
				);
				PRODUCT_BUNDLE_IDENTIFIER = com.scan.app.VideoPlayerOfflineDownloadTests;
				PRODUCT_NAME = "$(TARGET_NAME)";
				SWIFT_VERSION = 5.0;
				TARGETED_DEVICE_FAMILY = "1,2";
				TEST_HOST = "$(BUILT_PRODUCTS_DIR)/VideoPlayerOfflineDownload.app/VideoPlayerOfflineDownload";
			};
			name = Debug;
		};
		4021E04925849315002CE97F /* Release */ = {
			isa = XCBuildConfiguration;
			buildSettings = {
				ALWAYS_EMBED_SWIFT_STANDARD_LIBRARIES = YES;
				BUNDLE_LOADER = "$(TEST_HOST)";
				CODE_SIGN_STYLE = Automatic;
				DEVELOPMENT_TEAM = B4G4Y5F4Y2;
				INFOPLIST_FILE = VideoPlayerOfflineDownloadTests/Info.plist;
				IPHONEOS_DEPLOYMENT_TARGET = 13.5;
				LD_RUNPATH_SEARCH_PATHS = (
					"$(inherited)",
					"@executable_path/Frameworks",
					"@loader_path/Frameworks",
				);
				PRODUCT_BUNDLE_IDENTIFIER = com.scan.app.VideoPlayerOfflineDownloadTests;
				PRODUCT_NAME = "$(TARGET_NAME)";
				SWIFT_VERSION = 5.0;
				TARGETED_DEVICE_FAMILY = "1,2";
				TEST_HOST = "$(BUILT_PRODUCTS_DIR)/VideoPlayerOfflineDownload.app/VideoPlayerOfflineDownload";
			};
			name = Release;
		};
/* End XCBuildConfiguration section */

/* Begin XCConfigurationList section */
		4021E01D25849313002CE97F /* Build configuration list for PBXProject "VideoPlayerOfflineDownload" */ = {
			isa = XCConfigurationList;
			buildConfigurations = (
				4021E04225849315002CE97F /* Debug */,
				4021E04325849315002CE97F /* Release */,
			);
			defaultConfigurationIsVisible = 0;
			defaultConfigurationName = Release;
		};
		4021E04425849315002CE97F /* Build configuration list for PBXNativeTarget "VideoPlayerOfflineDownload" */ = {
			isa = XCConfigurationList;
			buildConfigurations = (
				4021E04525849315002CE97F /* Debug */,
				4021E04625849315002CE97F /* Release */,
			);
			defaultConfigurationIsVisible = 0;
			defaultConfigurationName = Release;
		};
		4021E04725849315002CE97F /* Build configuration list for PBXNativeTarget "VideoPlayerOfflineDownloadTests" */ = {
			isa = XCConfigurationList;
			buildConfigurations = (
				4021E04825849315002CE97F /* Debug */,
				4021E04925849315002CE97F /* Release */,
			);
			defaultConfigurationIsVisible = 0;
			defaultConfigurationName = Release;
		};
/* End XCConfigurationList section */

/* Begin XCVersionGroup section */
		4021E02E25849313002CE97F /* VideoPlayerOfflineDownload.xcdatamodeld */ = {
			isa = XCVersionGroup;
			children = (
				4021E02F25849313002CE97F /* VideoPlayerOfflineDownload.xcdatamodel */,
			);
			currentVersion = 4021E02F25849313002CE97F /* VideoPlayerOfflineDownload.xcdatamodel */;
			path = VideoPlayerOfflineDownload.xcdatamodeld;
			sourceTree = "<group>";
			versionGroupType = wrapper.xcdatamodel;
		};
/* End XCVersionGroup section */
	};
	rootObject = 4021E01A25849313002CE97F /* Project object */;
}
